
Microsoft Visual Studio Solution File, Format Version 12.00
# Visual Studio Version 16
VisualStudioVersion = 16.0.30621.155
MinimumVisualStudioVersion = 10.0.40219.1
Project("{FAE04EC0-301F-11D3-BF4B-00C04F79EFBC}") = "TemaLAB", "TemaLAB.csproj", "{2AB7728C-D866-489A-A283-E00A1FD48DDF}"
EndProject
Global
	GlobalSection(SolutionConfigurationPlatforms) = preSolution
		Debug|Any CPU = Debug|Any CPU
		Release|Any CPU = Release|Any CPU
	EndGlobalSection
	GlobalSection(ProjectConfigurationPlatforms) = postSolution
		{2AB7728C-D866-489A-A283-E00A1FD48DDF}.Debug|Any CPU.ActiveCfg = Debug|Any CPU
		{2AB7728C-D866-489A-A283-E00A1FD48DDF}.Debug|Any CPU.Build.0 = Debug|Any CPU
		{2AB7728C-D866-489A-A283-E00A1FD48DDF}.Release|Any CPU.ActiveCfg = Release|Any CPU
		{2AB7728C-D866-489A-A283-E00A1FD48DDF}.Release|Any CPU.Build.0 = Release|Any CPU
	EndGlobalSection
	GlobalSection(SolutionProperties) = preSolution
		HideSolutionNode = FALSE
	EndGlobalSection
	GlobalSection(ExtensibilityGlobals) = postSolution
		SolutionGuid = {87F57524-C733-4F7F-9E0A-202437495033}
	EndGlobalSection
EndGlobal
